github.com/KhNikh/Building-Microservices-with-go v0.0.0-20230920081139-52f76afdcb11 h1:c9y//a/xSHFUtBj874HVMHG9k9mXK5rVdTBGcRJvv+k=
github.com/KhNikh/Building-Microservices-with-go v0.0.0-20230920081139-52f76afdcb11/go.mod h1:NTMZiI7EY1rS4soTh480rIXl57Qql7k0SC+wNSuvAcA=
github.com/gorilla/mux v1.8.0 h1:i40aqfkR1h2SlN9hojwV5ZA91wcXFOvkdNIeFDP5koI=
github.com/gorilla/mux v1.8.0/go.mod h1:DVbg23sWSpFRCP0SfiEN6jmj59UnW/n46BH5rLB71So=
